# This file is generated by actionspack. Do not edit it manually.

lockfileVersion: 1
entries:
  .github/workflows/src/ci.yml:
    output: .github/workflows/ci.yml
    dependencies:
      - package: github:actions/checkout
        requested: v7
        foundAt: .github/workflows/src/ci.yml#jobs.lint.steps[0].uses
      - package: github:pnpm/action-setup
        requested: v6
        foundAt: .github/workflows/src/ci.yml#jobs.lint.steps[1].uses
      - package: github:actions/setup-node
        requested: v7
        foundAt: .github/workflows/src/ci.yml#jobs.lint.steps[2].uses
  .github/workflows/src/release.yml:
    output: .github/workflows/release.yml
    dependencies:
      - package: github:actions/checkout
        requested: v7
        foundAt: .github/workflows/src/release.yml#jobs.release.steps[0].uses
      - package: github:pnpm/action-setup
        requested: v6
        foundAt: .github/workflows/src/release.yml#jobs.release.steps[1].uses
      - package: github:actions/setup-node
        requested: v7
        foundAt: .github/workflows/src/release.yml#jobs.release.steps[2].uses
packages:
  github:actions/checkout:
    source: github
    owner: actions
    repo: checkout
    path: .
    type: external-action
    external: true
    contentDigest: sha256:d59219cb79590abdb877deaa14e3b65a00c05318bf5a6f3b989b9162b5d08c35
    dependencies: []
    requested: v7
    resolved: 3d3c42e5aac5ba805825da76410c181273ba90b1
  github:actions/setup-node:
    source: github
    owner: actions
    repo: setup-node
    path: .
    type: external-action
    external: true
    contentDigest: sha256:5d765941ab5d8bef27f08e81b0b041cdb2df2050ea0261dc925d157a2bafbd2b
    dependencies: []
    requested: v7
    resolved: 820762786026740c76f36085b0efc47a31fe5020
  github:pnpm/action-setup:
    source: github
    owner: pnpm
    repo: action-setup
    path: .
    type: external-action
    external: true
    contentDigest: sha256:7903b0a83562cd93df4d70181e610d9a4d6aedf76c83197208a6fdc13614d6f1
    dependencies: []
    requested: v6
    resolved: f520eceda224fe1a4aed5a2a27a194379a409996
